
Microsoft Visual Studio Solution File, Format Version 12.00
# Visual Studio 2015
Project("{FAE04EC0-301F-11D3-BF4B-00C04F79EFBC}") = "MHacks6.CSharp", "MHacks6.CSharp.csproj", "{7DDE1B09-7F29-A5C3-1AFC-F9E19590A640}"
EndProject
Project("{FAE04EC0-301F-11D3-BF4B-00C04F79EFBC}") = "MHacks6.CSharp.Editor", "MHacks6.CSharp.Editor.csproj", "{820BAD9F-1D67-7088-280F-C422DCB7B032}"
EndProject
Global
	GlobalSection(SolutionConfigurationPlatforms) = preSolution
		Debug|Any CPU = Debug|Any CPU
		Release|Any CPU = Release|Any CPU
	EndGlobalSection
	GlobalSection(ProjectConfigurationPlatforms) = postSolution
		{7DDE1B09-7F29-A5C3-1AFC-F9E19590A640}.Debug|Any CPU.ActiveCfg = Debug|Any CPU
		{7DDE1B09-7F29-A5C3-1AFC-F9E19590A640}.Debug|Any CPU.Build.0 = Debug|Any CPU
		{7DDE1B09-7F29-A5C3-1AFC-F9E19590A640}.Release|Any CPU.ActiveCfg = Release|Any CPU
		{7DDE1B09-7F29-A5C3-1AFC-F9E19590A640}.Release|Any CPU.Build.0 = Release|Any CPU
		{820BAD9F-1D67-7088-280F-C422DCB7B032}.Debug|Any CPU.ActiveCfg = Debug|Any CPU
		{820BAD9F-1D67-7088-280F-C422DCB7B032}.Debug|Any CPU.Build.0 = Debug|Any CPU
		{820BAD9F-1D67-7088-280F-C422DCB7B032}.Release|Any CPU.ActiveCfg = Release|Any CPU
		{820BAD9F-1D67-7088-280F-C422DCB7B032}.Release|Any CPU.Build.0 = Release|Any CPU
	EndGlobalSection
	GlobalSection(SolutionProperties) = preSolution
		HideSolutionNode = FALSE
	EndGlobalSection
EndGlobal
